
Microsoft Visual Studio Solution File, Format Version 12.00
# Visual Studio Version 17
VisualStudioVersion = 17.4.33213.308
MinimumVisualStudioVersion = 10.0.40219.1
Project("{FAE04EC0-301F-11D3-BF4B-00C04F79EFBC}") = "Otkritka", "Otkritka\Otkritka.csproj", "{00A776D8-3D9C-4BBC-BE1D-5AB96E9FA716}"
EndProject
Global
	GlobalSection(SolutionConfigurationPlatforms) = preSolution
		Debug|Any CPU = Debug|Any CPU
		Release|Any CPU = Release|Any CPU
	EndGlobalSection
	GlobalSection(ProjectConfigurationPlatforms) = postSolution
		{00A776D8-3D9C-4BBC-BE1D-5AB96E9FA716}.Debug|Any CPU.ActiveCfg = Debug|Any CPU
		{00A776D8-3D9C-4BBC-BE1D-5AB96E9FA716}.Debug|Any CPU.Build.0 = Debug|Any CPU
		{00A776D8-3D9C-4BBC-BE1D-5AB96E9FA716}.Release|Any CPU.ActiveCfg = Release|Any CPU
		{00A776D8-3D9C-4BBC-BE1D-5AB96E9FA716}.Release|Any CPU.Build.0 = Release|Any CPU
	EndGlobalSection
	GlobalSection(SolutionProperties) = preSolution
		HideSolutionNode = FALSE
	EndGlobalSection
	GlobalSection(ExtensibilityGlobals) = postSolution
		SolutionGuid = {332D4D84-3B93-4384-9BBA-AF97E7BA8245}
	EndGlobalSection
EndGlobal
